{
  "name": "15-ttt-ai",
  "lockfileVersion": 3,
  "requires": true,
  "packages": {
    "": {
      "dependencies": {
        "minimax": "^0.1.1"
      }
    },
    "node_modules/minimax": {
      "version": "0.1.1",
      "resolved": "https://registry.npmjs.org/minimax/-/minimax-0.1.1.tgz",
      "integrity": "sha512-figA2Ssc+LokuoWtAoi4n08r9vS3WNv1sCpK1iHbt0V+BMdZfSDh1HypOKI8WMXGMlsMYlNa0seXsdgUSv8Ddg=="
    }
  }
}
